
Microsoft Visual Studio Solution File, Format Version 12.00
# Visual Studio Version 17
VisualStudioVersion = 17.4.33213.308
MinimumVisualStudioVersion = 10.0.40219.1
Project("{FAE04EC0-301F-11D3-BF4B-00C04F79EFBC}") = "UC2", "UC2.csproj", "{87DFB362-EE98-45E2-8CE0-C18A560F091B}"
EndProject
Global
	GlobalSection(SolutionConfigurationPlatforms) = preSolution
		Debug|Any CPU = Debug|Any CPU
		Release|Any CPU = Release|Any CPU
	EndGlobalSection
	GlobalSection(ProjectConfigurationPlatforms) = postSolution
		{87DFB362-EE98-45E2-8CE0-C18A560F091B}.Debug|Any CPU.ActiveCfg = Debug|Any CPU
		{87DFB362-EE98-45E2-8CE0-C18A560F091B}.Debug|Any CPU.Build.0 = Debug|Any CPU
		{87DFB362-EE98-45E2-8CE0-C18A560F091B}.Release|Any CPU.ActiveCfg = Release|Any CPU
		{87DFB362-EE98-45E2-8CE0-C18A560F091B}.Release|Any CPU.Build.0 = Release|Any CPU
	EndGlobalSection
	GlobalSection(SolutionProperties) = preSolution
		HideSolutionNode = FALSE
	EndGlobalSection
	GlobalSection(ExtensibilityGlobals) = postSolution
		SolutionGuid = {A41353A5-A106-4070-A94F-848CE4D46CD5}
	EndGlobalSection
EndGlobal
