
Microsoft Visual Studio Solution File, Format Version 12.00
# Visual Studio Version 17
VisualStudioVersion = 17.4.33213.308
MinimumVisualStudioVersion = 10.0.40219.1
Project("{FAE04EC0-301F-11D3-BF4B-00C04F79EFBC}") = "UC7", "UC7.csproj", "{471CE79F-48EF-488A-82A8-8E44D897EA68}"
EndProject
Global
	GlobalSection(SolutionConfigurationPlatforms) = preSolution
		Debug|Any CPU = Debug|Any CPU
		Release|Any CPU = Release|Any CPU
	EndGlobalSection
	GlobalSection(ProjectConfigurationPlatforms) = postSolution
		{471CE79F-48EF-488A-82A8-8E44D897EA68}.Debug|Any CPU.ActiveCfg = Debug|Any CPU
		{471CE79F-48EF-488A-82A8-8E44D897EA68}.Debug|Any CPU.Build.0 = Debug|Any CPU
		{471CE79F-48EF-488A-82A8-8E44D897EA68}.Release|Any CPU.ActiveCfg = Release|Any CPU
		{471CE79F-48EF-488A-82A8-8E44D897EA68}.Release|Any CPU.Build.0 = Release|Any CPU
	EndGlobalSection
	GlobalSection(SolutionProperties) = preSolution
		HideSolutionNode = FALSE
	EndGlobalSection
	GlobalSection(ExtensibilityGlobals) = postSolution
		SolutionGuid = {5C8D2093-0191-4183-86F7-7D2E5B700C85}
	EndGlobalSection
EndGlobal
